{
  "requires": true,
  "lockfileVersion": 1,
  "dependencies": {
    "echarts": {
      "version": "4.7.0",
      "resolved": "https://registry.npm.taobao.org/echarts/download/echarts-4.7.0.tgz",
      "integrity": "sha1-Wzh1pML5HjkpQl+rq56s5+QJiz8=",
      "requires": {
        "zrender": "4.3.0"
      }
    },
    "zrender": {
      "version": "4.3.0",
      "resolved": "https://registry.npm.taobao.org/zrender/download/zrender-4.3.0.tgz",
      "integrity": "sha1-nwVhIbILuuREFNKHv2oRn/cEJmE="
    }
  }
}
