{
  "requires": true,
  "lockfileVersion": 1,
  "dependencies": {
    "@antv/adjust": {
      "version": "0.1.1",
      "resolved": "https://registry.npm.taobao.org/@antv/adjust/download/@antv/adjust-0.1.1.tgz?cache=0&sync_timestamp=1582683423454&other_urls=https%3A%2F%2Fregistry.npm.taobao.org%2F%40antv%2Fadjust%2Fdownload%2F%40antv%2Fadjust-0.1.1.tgz",
      "integrity": "sha1-4mOrDhoZQaZIhC/Ahs9lp+O3Xpg=",
      "requires": {
        "@antv/util": "~1.3.1"
      },
      "dependencies": {
        "@antv/util": {
          "version": "1.3.1",
          "resolved": "https://registry.npm.taobao.org/@antv/util/download/@antv/util-1.3.1.tgz?cache=0&sync_timestamp=1583928192641&other_urls=https%3A%2F%2Fregistry.npm.taobao.org%2F%40antv%2Futil%2Fdownload%2F%40antv%2Futil-1.3.1.tgz",
          "integrity": "sha1-MKNLIB/5Em7A1YxyyBZqnD5kTM0=",
          "requires": {
            "@antv/gl-matrix": "^2.7.1"
          }
        }
      }
    },
    "@antv/f2": {
      "version": "3.6.1",
      "resolved": "https://registry.npm.taobao.org/@antv/f2/download/@antv/f2-3.6.1.tgz?cache=0&sync_timestamp=1584595507597&other_urls=https%3A%2F%2Fregistry.npm.taobao.org%2F%40antv%2Ff2%2Fdownload%2F%40antv%2Ff2-3.6.1.tgz",
      "integrity": "sha1-STn6Dh/Qxz9ImGZepIyW9cyK3Gc=",
      "requires": {
        "@antv/adjust": "~0.1.1",
        "@antv/scale": "0.1.3",
        "@antv/util": "~2.0.6",
        "@babel/runtime": "^7.7.7",
        "hammerjs": "^2.0.8"
      }
    },
    "@antv/f2-context": {
      "version": "0.0.1",
      "resolved": "https://registry.npm.taobao.org/@antv/f2-context/download/@antv/f2-context-0.0.1.tgz",
      "integrity": "sha1-5CKH+83CzjmF1tMLn1LKjbrOojQ="
    },
    "@antv/gl-matrix": {
      "version": "2.7.1",
      "resolved": "https://registry.npm.taobao.org/@antv/gl-matrix/download/@antv/gl-matrix-2.7.1.tgz",
      "integrity": "sha1-rLjjf3qz3wE0WrpDcteUK+QuuhQ="
    },
    "@antv/my-f2": {
      "version": "2.1.0",
      "resolved": "https://registry.npm.taobao.org/@antv/my-f2/download/@antv/my-f2-2.1.0.tgz",
      "integrity": "sha1-WYpQlR2pBmmXvtL3y01tVcOaicc=",
      "requires": {
        "@antv/f2": "~3.6.0",
        "@antv/f2-context": "~0.0.0"
      }
    },
    "@antv/scale": {
      "version": "0.1.3",
      "resolved": "https://registry.npm.taobao.org/@antv/scale/download/@antv/scale-0.1.3.tgz",
      "integrity": "sha1-SHbmFAy33NoZDn/i54CILcrGsJ0=",
      "requires": {
        "@antv/util": "~1.3.1",
        "fecha": "~2.3.3"
      },
      "dependencies": {
        "@antv/util": {
          "version": "1.3.1",
          "resolved": "https://registry.npm.taobao.org/@antv/util/download/@antv/util-1.3.1.tgz?cache=0&sync_timestamp=1583928192641&other_urls=https%3A%2F%2Fregistry.npm.taobao.org%2F%40antv%2Futil%2Fdownload%2F%40antv%2Futil-1.3.1.tgz",
          "integrity": "sha1-MKNLIB/5Em7A1YxyyBZqnD5kTM0=",
          "requires": {
            "@antv/gl-matrix": "^2.7.1"
          }
        }
      }
    },
    "@antv/util": {
      "version": "2.0.7",
      "resolved": "https://registry.npm.taobao.org/@antv/util/download/@antv/util-2.0.7.tgz?cache=0&sync_timestamp=1583928192641&other_urls=https%3A%2F%2Fregistry.npm.taobao.org%2F%40antv%2Futil%2Fdownload%2F%40antv%2Futil-2.0.7.tgz",
      "integrity": "sha1-uWRmvKfUFDwg3OSFOWzZe1+rchQ=",
      "requires": {
        "tslib": "^1.10.0"
      }
    },
    "@babel/runtime": {
      "version": "7.8.7",
      "resolved": "https://registry.npm.taobao.org/@babel/runtime/download/@babel/runtime-7.8.7.tgz",
      "integrity": "sha1-j+/OmALbVIgbpZ+Quyhxm0mWMk0=",
      "requires": {
        "regenerator-runtime": "^0.13.4"
      }
    },
    "fecha": {
      "version": "2.3.3",
      "resolved": "https://registry.npm.taobao.org/fecha/download/fecha-2.3.3.tgz",
      "integrity": "sha1-lI50FX3xoy/RsSw6PDzctuydls0="
    },
    "hammerjs": {
      "version": "2.0.8",
      "resolved": "https://registry.npm.taobao.org/hammerjs/download/hammerjs-2.0.8.tgz",
      "integrity": "sha1-BO93hiz/K7edMPdpIJWTAiK/YPE="
    },
    "regenerator-runtime": {
      "version": "0.13.5",
      "resolved": "https://registry.npm.taobao.org/regenerator-runtime/download/regenerator-runtime-0.13.5.tgz?cache=0&sync_timestamp=1584052481783&other_urls=https%3A%2F%2Fregistry.npm.taobao.org%2Fregenerator-runtime%2Fdownload%2Fregenerator-runtime-0.13.5.tgz",
      "integrity": "sha1-2Hih0JS0MG0QuQlkhLM+vVXiZpc="
    },
    "tslib": {
      "version": "1.11.1",
      "resolved": "https://registry.npm.taobao.org/tslib/download/tslib-1.11.1.tgz",
      "integrity": "sha1-6xXRKIJ/vuKEFUnhcfRe0zisfjU="
    }
  }
}
